
Microsoft Visual Studio Solution File, Format Version 12.00
# Visual Studio 15
VisualStudioVersion = 15.0.28010.2048
MinimumVisualStudioVersion = 10.0.40219.1
Project("{FAE04EC0-301F-11D3-BF4B-00C04F79EFBC}") = "MPSBL", "MPSBL\MPSBL.csproj", "{81E7A27A-6C36-41ED-B813-66B0C8326EEA}"
EndProject
Global
	GlobalSection(SolutionConfigurationPlatforms) = preSolution
		Debug|Any CPU = Debug|Any CPU
		Release|Any CPU = Release|Any CPU
	EndGlobalSection
	GlobalSection(ProjectConfigurationPlatforms) = postSolution
		{81E7A27A-6C36-41ED-B813-66B0C8326EEA}.Debug|Any CPU.ActiveCfg = Debug|Any CPU
		{81E7A27A-6C36-41ED-B813-66B0C8326EEA}.Debug|Any CPU.Build.0 = Debug|Any CPU
		{81E7A27A-6C36-41ED-B813-66B0C8326EEA}.Release|Any CPU.ActiveCfg = Release|Any CPU
		{81E7A27A-6C36-41ED-B813-66B0C8326EEA}.Release|Any CPU.Build.0 = Release|Any CPU
	EndGlobalSection
	GlobalSection(SolutionProperties) = preSolution
		HideSolutionNode = FALSE
	EndGlobalSection
	GlobalSection(ExtensibilityGlobals) = postSolution
		SolutionGuid = {4D376228-4E99-4C7C-95A9-74E8BCF8E272}
	EndGlobalSection
EndGlobal
